
Microsoft Visual Studio Solution File, Format Version 12.00
# Visual Studio Version 16
VisualStudioVersion = 16.0.30503.244
MinimumVisualStudioVersion = 10.0.40219.1
Project("{FAE04EC0-301F-11D3-BF4B-00C04F79EFBC}") = "LoginAPP", "LoginAPP\LoginAPP.csproj", "{32C94B11-13FE-46A8-8044-E4711582898B}"
EndProject
Global
	GlobalSection(SolutionConfigurationPlatforms) = preSolution
		Debug|Any CPU = Debug|Any CPU
		Release|Any CPU = Release|Any CPU
	EndGlobalSection
	GlobalSection(ProjectConfigurationPlatforms) = postSolution
		{32C94B11-13FE-46A8-8044-E4711582898B}.Debug|Any CPU.ActiveCfg = Debug|Any CPU
		{32C94B11-13FE-46A8-8044-E4711582898B}.Debug|Any CPU.Build.0 = Debug|Any CPU
		{32C94B11-13FE-46A8-8044-E4711582898B}.Release|Any CPU.ActiveCfg = Release|Any CPU
		{32C94B11-13FE-46A8-8044-E4711582898B}.Release|Any CPU.Build.0 = Release|Any CPU
	EndGlobalSection
	GlobalSection(SolutionProperties) = preSolution
		HideSolutionNode = FALSE
	EndGlobalSection
	GlobalSection(ExtensibilityGlobals) = postSolution
		SolutionGuid = {3B9841C7-2B88-45CB-B849-9EA9801BA1AE}
	EndGlobalSection
EndGlobal
